// !$*UTF8*$!
{
	archiveVersion = 1;
	classes = {
	};
	objectVersion = 46;
	objects = {

/* Begin PBXBuildFile section */
		D85AE3371AE7B32C00F25614 /* Util.swift in Sources */ = {isa = PBXBuildFile; fileRef = D85AE3361AE7B32C00F25614 /* Util.swift */; };
		D8E517931A8D23C300732898 /* main.swift in Sources */ = {isa = PBXBuildFile; fileRef = D8E517921A8D23C300732898 /* main.swift */; };
		D8E517A91A8D424300732898 /* test.m in Sources */ = {isa = PBXBuildFile; fileRef = D8E517A41A8D2EB200732898 /* test.m */; };
/* End PBXBuildFile section */

/* Begin PBXCopyFilesBuildPhase section */
		D8E5178D1A8D23C300732898 /* CopyFiles */ = {
			isa = PBXCopyFilesBuildPhase;
			buildActionMask = 2147483647;
			dstPath = /usr/share/man/man1/;
			dstSubfolderSpec = 0;
			files = (
			);
			runOnlyForDeploymentPostprocessing = 1;
		};
/* End PBXCopyFilesBuildPhase section */

/* Begin PBXFileReference section */
		D8104B271AC2C89A0045F0BB /* Data.txt */ = {isa = PBXFileReference; lastKnownFileType = text; path = Data.txt; sourceTree = SOURCE_ROOT; };
		D85AE3361AE7B32C00F25614 /* Util.swift */ = {isa = PBXFileReference; fileEncoding = 4; lastKnownFileType = sourcecode.swift; path = Util.swift; sourceTree = "<group>"; };
		D8E5178F1A8D23C300732898 /* ArrayFromRange */ = {isa = PBXFileReference; explicitFileType = "compiled.mach-o.executable"; includeInIndex = 0; path = ArrayFromRange; sourceTree = BUILT_PRODUCTS_DIR; };
		D8E517921A8D23C300732898 /* main.swift */ = {isa = PBXFileReference; lastKnownFileType = sourcecode.swift; path = main.swift; sourceTree = "<group>"; };
		D8E5179A1A8D2BBD00732898 /* Perf test-Bridging-Header.h */ = {isa = PBXFileReference; lastKnownFileType = sourcecode.c.h; path = "Perf test-Bridging-Header.h"; sourceTree = "<group>"; };
		D8E517A41A8D2EB200732898 /* test.m */ = {isa = PBXFileReference; lastKnownFileType = sourcecode.c.objc; name = test.m; path = "../c test/test.m"; sourceTree = "<group>"; };
/* End PBXFileReference section */

/* Begin PBXFrameworksBuildPhase section */
		D8E5178C1A8D23C300732898 /* Frameworks */ = {
			isa = PBXFrameworksBuildPhase;
			buildActionMask = 2147483647;
			files = (
			);
			runOnlyForDeploymentPostprocessing = 0;
		};
/* End PBXFrameworksBuildPhase section */

/* Begin PBXGroup section */
		D8E517861A8D23C300732898 = {
			isa = PBXGroup;
			children = (
				D8E517911A8D23C300732898 /* Perf test */,
				D8E517901A8D23C300732898 /* Products */,
			);
			sourceTree = "<group>";
		};
		D8E517901A8D23C300732898 /* Products */ = {
			isa = PBXGroup;
			children = (
				D8E5178F1A8D23C300732898 /* ArrayFromRange */,
			);
			name = Products;
			sourceTree = "<group>";
		};
		D8E517911A8D23C300732898 /* Perf test */ = {
			isa = PBXGroup;
			children = (
				D8E517921A8D23C300732898 /* main.swift */,
				D85AE3361AE7B32C00F25614 /* Util.swift */,
				D8E517A41A8D2EB200732898 /* test.m */,
				D8104B271AC2C89A0045F0BB /* Data.txt */,
				D8E5179A1A8D2BBD00732898 /* Perf test-Bridging-Header.h */,
			);
			path = "Perf test";
			sourceTree = "<group>";
		};
/* End PBXGroup section */

/* Begin PBXNativeTarget section */
		D8E5178E1A8D23C300732898 /* ArrayFromRange */ = {
			isa = PBXNativeTarget;
			buildConfigurationList = D8E517961A8D23C300732898 /* Build configuration list for PBXNativeTarget "ArrayFromRange" */;
			buildPhases = (
				D8E5178B1A8D23C300732898 /* Sources */,
				D8E5178C1A8D23C300732898 /* Frameworks */,
				D8E5178D1A8D23C300732898 /* CopyFiles */,
			);
			buildRules = (
			);
			dependencies = (
			);
			name = ArrayFromRange;
			productName = "Perf test";
			productReference = D8E5178F1A8D23C300732898 /* ArrayFromRange */;
			productType = "com.apple.product-type.tool";
		};
/* End PBXNativeTarget section */

/* Begin PBXProject section */
		D8E517871A8D23C300732898 /* Project object */ = {
			isa = PBXProject;
			attributes = {
				LastSwiftUpdateCheck = 0700;
				LastUpgradeCheck = 0700;
				ORGANIZATIONNAME = "Janosch Hildebrand";
				TargetAttributes = {
					D8E5178E1A8D23C300732898 = {
						CreatedOnToolsVersion = 6.3;
					};
				};
			};
			buildConfigurationList = D8E5178A1A8D23C300732898 /* Build configuration list for PBXProject "ArrayFromRange" */;
			compatibilityVersion = "Xcode 3.2";
			developmentRegion = English;
			hasScannedForEncodings = 0;
			knownRegions = (
				en,
			);
			mainGroup = D8E517861A8D23C300732898;
			productRefGroup = D8E517901A8D23C300732898 /* Products */;
			projectDirPath = "";
			projectRoot = "";
			targets = (
				D8E5178E1A8D23C300732898 /* ArrayFromRange */,
			);
		};
/* End PBXProject section */

/* Begin PBXSourcesBuildPhase section */
		D8E5178B1A8D23C300732898 /* Sources */ = {
			isa = PBXSourcesBuildPhase;
			buildActionMask = 2147483647;
			files = (
				D8E517A91A8D424300732898 /* test.m in Sources */,
				D85AE3371AE7B32C00F25614 /* Util.swift in Sources */,
				D8E517931A8D23C300732898 /* main.swift in Sources */,
			);
			runOnlyForDeploymentPostprocessing = 0;
		};
/* End PBXSourcesBuildPhase section */

/* Begin XCBuildConfiguration section */
		D8E517941A8D23C300732898 /* Debug */ = {
			isa = XCBuildConfiguration;
			buildSettings = {
				ALWAYS_SEARCH_USER_PATHS = NO;
				CLANG_CXX_LANGUAGE_STANDARD = "gnu++0x";
				CLANG_CXX_LIBRARY = "libc++";
				CLANG_ENABLE_MODULES = YES;
				CLANG_ENABLE_OBJC_ARC = YES;
				CLANG_WARN_BOOL_CONVERSION = YES;
				CLANG_WARN_CONSTANT_CONVERSION = YES;
				CLANG_WARN_DIRECT_OBJC_ISA_USAGE = YES_ERROR;
				CLANG_WARN_EMPTY_BODY = YES;
				CLANG_WARN_ENUM_CONVERSION = YES;
				CLANG_WARN_INT_CONVERSION = YES;
				CLANG_WARN_OBJC_ROOT_CLASS = YES_ERROR;
				CLANG_WARN_UNREACHABLE_CODE = YES;
				CLANG_WARN__DUPLICATE_METHOD_MATCH = YES;
				COPY_PHASE_STRIP = NO;
				DEBUG_INFORMATION_FORMAT = dwarf;
				ENABLE_STRICT_OBJC_MSGSEND = YES;
				ENABLE_TESTABILITY = YES;
				GCC_C_LANGUAGE_STANDARD = gnu99;
				GCC_DYNAMIC_NO_PIC = NO;
				GCC_OPTIMIZATION_LEVEL = 0;
				GCC_PREPROCESSOR_DEFINITIONS = (
					"DEBUG=1",
					"$(inherited)",
				);
				GCC_SYMBOLS_PRIVATE_EXTERN = NO;
				GCC_WARN_64_TO_32_BIT_CONVERSION = YES;
				GCC_WARN_ABOUT_RETURN_TYPE = YES_ERROR;
				GCC_WARN_UNDECLARED_SELECTOR = YES;
				GCC_WARN_UNINITIALIZED_AUTOS = YES_AGGRESSIVE;
				GCC_WARN_UNUSED_FUNCTION = YES;
				GCC_WARN_UNUSED_VARIABLE = YES;
				MACOSX_DEPLOYMENT_TARGET = 10.10;
				MTL_ENABLE_DEBUG_INFO = YES;
				ONLY_ACTIVE_ARCH = YES;
				SDKROOT = macosx;
				SWIFT_OPTIMIZATION_LEVEL = "-Onone";
			};
			name = Debug;
		};
		D8E517951A8D23C300732898 /* Release */ = {
			isa = XCBuildConfiguration;
			buildSettings = {
				ALWAYS_SEARCH_USER_PATHS = NO;
				CLANG_CXX_LANGUAGE_STANDARD = "gnu++0x";
				CLANG_CXX_LIBRARY = "libc++";
				CLANG_ENABLE_MODULES = YES;
				CLANG_ENABLE_OBJC_ARC = YES;
				CLANG_WARN_BOOL_CONVERSION = YES;
				CLANG_WARN_CONSTANT_CONVERSION = YES;
				CLANG_WARN_DIRECT_OBJC_ISA_USAGE = YES_ERROR;
				CLANG_WARN_EMPTY_BODY = YES;
				CLANG_WARN_ENUM_CONVERSION = YES;
				CLANG_WARN_INT_CONVERSION = YES;
				CLANG_WARN_OBJC_ROOT_CLASS = YES_ERROR;
				CLANG_WARN_UNREACHABLE_CODE = YES;
				CLANG_WARN__DUPLICATE_METHOD_MATCH = YES;
				COPY_PHASE_STRIP = NO;
				DEBUG_INFORMATION_FORMAT = "dwarf-with-dsym";
				ENABLE_NS_ASSERTIONS = NO;
				ENABLE_STRICT_OBJC_MSGSEND = YES;
				GCC_C_LANGUAGE_STANDARD = gnu99;
				GCC_WARN_64_TO_32_BIT_CONVERSION = YES;
				GCC_WARN_ABOUT_RETURN_TYPE = YES_ERROR;
				GCC_WARN_UNDECLARED_SELECTOR = YES;
				GCC_WARN_UNINITIALIZED_AUTOS = YES_AGGRESSIVE;
				GCC_WARN_UNUSED_FUNCTION = YES;
				GCC_WARN_UNUSED_VARIABLE = YES;
				MACOSX_DEPLOYMENT_TARGET = 10.10;
				MTL_ENABLE_DEBUG_INFO = NO;
				SDKROOT = macosx;
			};
			name = Release;
		};
		D8E517971A8D23C300732898 /* Debug */ = {
			isa = XCBuildConfiguration;
			buildSettings = {
				CLANG_ENABLE_MODULES = YES;
				GCC_OPTIMIZATION_LEVEL = s;
				GCC_UNROLL_LOOPS = NO;
				LD_RUNPATH_SEARCH_PATHS = "$(inherited) @executable_path/../Frameworks @loader_path/../Frameworks";
				PRODUCT_NAME = ArrayFromRange;
				SWIFT_OBJC_BRIDGING_HEADER = "Perf test/Perf test-Bridging-Header.h";
				SWIFT_OPTIMIZATION_LEVEL = "-O";
			};
			name = Debug;
		};
		D8E517981A8D23C300732898 /* Release */ = {
			isa = XCBuildConfiguration;
			buildSettings = {
				CLANG_ENABLE_MODULES = YES;
				GCC_UNROLL_LOOPS = NO;
				LD_RUNPATH_SEARCH_PATHS = "$(inherited) @executable_path/../Frameworks @loader_path/../Frameworks";
				PRODUCT_NAME = ArrayFromRange;
				SWIFT_OBJC_BRIDGING_HEADER = "Perf test/Perf test-Bridging-Header.h";
				SWIFT_OPTIMIZATION_LEVEL = "-O";
			};
			name = Release;
		};
/* End XCBuildConfiguration section */

/* Begin XCConfigurationList section */
		D8E5178A1A8D23C300732898 /* Build configuration list for PBXProject "ArrayFromRange" */ = {
			isa = XCConfigurationList;
			buildConfigurations = (
				D8E517941A8D23C300732898 /* Debug */,
				D8E517951A8D23C300732898 /* Release */,
			);
			defaultConfigurationIsVisible = 0;
			defaultConfigurationName = Release;
		};
		D8E517961A8D23C300732898 /* Build configuration list for PBXNativeTarget "ArrayFromRange" */ = {
			isa = XCConfigurationList;
			buildConfigurations = (
				D8E517971A8D23C300732898 /* Debug */,
				D8E517981A8D23C300732898 /* Release */,
			);
			defaultConfigurationIsVisible = 0;
			defaultConfigurationName = Release;
		};
/* End XCConfigurationList section */
	};
	rootObject = D8E517871A8D23C300732898 /* Project object */;
}
