// !$*UTF8*$!
{
	archiveVersion = 1;
	classes = {
	};
	objectVersion = 46;
	objects = {

/* Begin PBXBuildFile section */
		D85AE32C1AE7A97700F25614 /* main.swift in Sources */ = {isa = PBXBuildFile; fileRef = D85AE32B1AE7A97700F25614 /* main.swift */; };
		D85AE3331AE7AD7100F25614 /* Util.swift in Sources */ = {isa = PBXBuildFile; fileRef = D85AE3321AE7AD7100F25614 /* Util.swift */; };
/* End PBXBuildFile section */

/* Begin PBXCopyFilesBuildPhase section */
		D85AE3261AE7A97700F25614 /* CopyFiles */ = {
			isa = PBXCopyFilesBuildPhase;
			buildActionMask = 2147483647;
			dstPath = /usr/share/man/man1/;
			dstSubfolderSpec = 0;
			files = (
			);
			runOnlyForDeploymentPostprocessing = 1;
		};
/* End PBXCopyFilesBuildPhase section */

/* Begin PBXFileReference section */
		D85AE3281AE7A97700F25614 /* LazyArrayPerf */ = {isa = PBXFileReference; explicitFileType = "compiled.mach-o.executable"; includeInIndex = 0; path = LazyArrayPerf; sourceTree = BUILT_PRODUCTS_DIR; };
		D85AE32B1AE7A97700F25614 /* main.swift */ = {isa = PBXFileReference; lastKnownFileType = sourcecode.swift; path = main.swift; sourceTree = "<group>"; };
		D85AE3321AE7AD7100F25614 /* Util.swift */ = {isa = PBXFileReference; fileEncoding = 4; lastKnownFileType = sourcecode.swift; path = Util.swift; sourceTree = "<group>"; };
/* End PBXFileReference section */

/* Begin PBXFrameworksBuildPhase section */
		D85AE3251AE7A97700F25614 /* Frameworks */ = {
			isa = PBXFrameworksBuildPhase;
			buildActionMask = 2147483647;
			files = (
			);
			runOnlyForDeploymentPostprocessing = 0;
		};
/* End PBXFrameworksBuildPhase section */

/* Begin PBXGroup section */
		D85AE31F1AE7A97700F25614 = {
			isa = PBXGroup;
			children = (
				D85AE32A1AE7A97700F25614 /* LazyArrayPerf */,
				D85AE3291AE7A97700F25614 /* Products */,
			);
			sourceTree = "<group>";
		};
		D85AE3291AE7A97700F25614 /* Products */ = {
			isa = PBXGroup;
			children = (
				D85AE3281AE7A97700F25614 /* LazyArrayPerf */,
			);
			name = Products;
			sourceTree = "<group>";
		};
		D85AE32A1AE7A97700F25614 /* LazyArrayPerf */ = {
			isa = PBXGroup;
			children = (
				D85AE32B1AE7A97700F25614 /* main.swift */,
				D85AE3321AE7AD7100F25614 /* Util.swift */,
			);
			path = LazyArrayPerf;
			sourceTree = "<group>";
		};
/* End PBXGroup section */

/* Begin PBXNativeTarget section */
		D85AE3271AE7A97700F25614 /* LazyArray */ = {
			isa = PBXNativeTarget;
			buildConfigurationList = D85AE32F1AE7A97700F25614 /* Build configuration list for PBXNativeTarget "LazyArray" */;
			buildPhases = (
				D85AE3241AE7A97700F25614 /* Sources */,
				D85AE3251AE7A97700F25614 /* Frameworks */,
				D85AE3261AE7A97700F25614 /* CopyFiles */,
			);
			buildRules = (
			);
			dependencies = (
			);
			name = LazyArray;
			productName = LazyArrayPerf;
			productReference = D85AE3281AE7A97700F25614 /* LazyArrayPerf */;
			productType = "com.apple.product-type.tool";
		};
/* End PBXNativeTarget section */

/* Begin PBXProject section */
		D85AE3201AE7A97700F25614 /* Project object */ = {
			isa = PBXProject;
			attributes = {
				LastSwiftUpdateCheck = 0700;
				LastUpgradeCheck = 0630;
				ORGANIZATIONNAME = "Janosch Hildebrand";
				TargetAttributes = {
					D85AE3271AE7A97700F25614 = {
						CreatedOnToolsVersion = 6.3;
					};
				};
			};
			buildConfigurationList = D85AE3231AE7A97700F25614 /* Build configuration list for PBXProject "LazyArray" */;
			compatibilityVersion = "Xcode 3.2";
			developmentRegion = English;
			hasScannedForEncodings = 0;
			knownRegions = (
				en,
			);
			mainGroup = D85AE31F1AE7A97700F25614;
			productRefGroup = D85AE3291AE7A97700F25614 /* Products */;
			projectDirPath = "";
			projectRoot = "";
			targets = (
				D85AE3271AE7A97700F25614 /* LazyArray */,
			);
		};
/* End PBXProject section */

/* Begin PBXSourcesBuildPhase section */
		D85AE3241AE7A97700F25614 /* Sources */ = {
			isa = PBXSourcesBuildPhase;
			buildActionMask = 2147483647;
			files = (
				D85AE32C1AE7A97700F25614 /* main.swift in Sources */,
				D85AE3331AE7AD7100F25614 /* Util.swift in Sources */,
			);
			runOnlyForDeploymentPostprocessing = 0;
		};
/* End PBXSourcesBuildPhase section */

/* Begin XCBuildConfiguration section */
		D85AE32D1AE7A97700F25614 /* Debug */ = {
			isa = XCBuildConfiguration;
			buildSettings = {
				ALWAYS_SEARCH_USER_PATHS = NO;
				CLANG_CXX_LANGUAGE_STANDARD = "gnu++0x";
				CLANG_CXX_LIBRARY = "libc++";
				CLANG_ENABLE_MODULES = YES;
				CLANG_ENABLE_OBJC_ARC = YES;
				CLANG_WARN_BOOL_CONVERSION = YES;
				CLANG_WARN_CONSTANT_CONVERSION = YES;
				CLANG_WARN_DIRECT_OBJC_ISA_USAGE = YES_ERROR;
				CLANG_WARN_EMPTY_BODY = YES;
				CLANG_WARN_ENUM_CONVERSION = YES;
				CLANG_WARN_INT_CONVERSION = YES;
				CLANG_WARN_OBJC_ROOT_CLASS = YES_ERROR;
				CLANG_WARN_UNREACHABLE_CODE = YES;
				CLANG_WARN__DUPLICATE_METHOD_MATCH = YES;
				COPY_PHASE_STRIP = NO;
				DEBUG_INFORMATION_FORMAT = dwarf;
				ENABLE_STRICT_OBJC_MSGSEND = YES;
				GCC_C_LANGUAGE_STANDARD = gnu99;
				GCC_DYNAMIC_NO_PIC = NO;
				GCC_NO_COMMON_BLOCKS = YES;
				GCC_OPTIMIZATION_LEVEL = 0;
				GCC_PREPROCESSOR_DEFINITIONS = (
					"DEBUG=1",
					"$(inherited)",
				);
				GCC_SYMBOLS_PRIVATE_EXTERN = NO;
				GCC_WARN_64_TO_32_BIT_CONVERSION = YES;
				GCC_WARN_ABOUT_RETURN_TYPE = YES_ERROR;
				GCC_WARN_UNDECLARED_SELECTOR = YES;
				GCC_WARN_UNINITIALIZED_AUTOS = YES_AGGRESSIVE;
				GCC_WARN_UNUSED_FUNCTION = YES;
				GCC_WARN_UNUSED_VARIABLE = YES;
				MACOSX_DEPLOYMENT_TARGET = 10.10;
				MTL_ENABLE_DEBUG_INFO = YES;
				ONLY_ACTIVE_ARCH = YES;
				SDKROOT = macosx;
				SWIFT_OPTIMIZATION_LEVEL = "-Onone";
			};
			name = Debug;
		};
		D85AE32E1AE7A97700F25614 /* Release */ = {
			isa = XCBuildConfiguration;
			buildSettings = {
				ALWAYS_SEARCH_USER_PATHS = NO;
				CLANG_CXX_LANGUAGE_STANDARD = "gnu++0x";
				CLANG_CXX_LIBRARY = "libc++";
				CLANG_ENABLE_MODULES = YES;
				CLANG_ENABLE_OBJC_ARC = YES;
				CLANG_WARN_BOOL_CONVERSION = YES;
				CLANG_WARN_CONSTANT_CONVERSION = YES;
				CLANG_WARN_DIRECT_OBJC_ISA_USAGE = YES_ERROR;
				CLANG_WARN_EMPTY_BODY = YES;
				CLANG_WARN_ENUM_CONVERSION = YES;
				CLANG_WARN_INT_CONVERSION = YES;
				CLANG_WARN_OBJC_ROOT_CLASS = YES_ERROR;
				CLANG_WARN_UNREACHABLE_CODE = YES;
				CLANG_WARN__DUPLICATE_METHOD_MATCH = YES;
				COPY_PHASE_STRIP = NO;
				DEBUG_INFORMATION_FORMAT = "dwarf-with-dsym";
				ENABLE_NS_ASSERTIONS = NO;
				ENABLE_STRICT_OBJC_MSGSEND = YES;
				GCC_C_LANGUAGE_STANDARD = gnu99;
				GCC_NO_COMMON_BLOCKS = YES;
				GCC_WARN_64_TO_32_BIT_CONVERSION = YES;
				GCC_WARN_ABOUT_RETURN_TYPE = YES_ERROR;
				GCC_WARN_UNDECLARED_SELECTOR = YES;
				GCC_WARN_UNINITIALIZED_AUTOS = YES_AGGRESSIVE;
				GCC_WARN_UNUSED_FUNCTION = YES;
				GCC_WARN_UNUSED_VARIABLE = YES;
				MACOSX_DEPLOYMENT_TARGET = 10.10;
				MTL_ENABLE_DEBUG_INFO = NO;
				SDKROOT = macosx;
			};
			name = Release;
		};
		D85AE3301AE7A97700F25614 /* Debug */ = {
			isa = XCBuildConfiguration;
			buildSettings = {
				PRODUCT_NAME = LazyArray;
			};
			name = Debug;
		};
		D85AE3311AE7A97700F25614 /* Release */ = {
			isa = XCBuildConfiguration;
			buildSettings = {
				PRODUCT_NAME = LazyArray;
			};
			name = Release;
		};
/* End XCBuildConfiguration section */

/* Begin XCConfigurationList section */
		D85AE3231AE7A97700F25614 /* Build configuration list for PBXProject "LazyArray" */ = {
			isa = XCConfigurationList;
			buildConfigurations = (
				D85AE32D1AE7A97700F25614 /* Debug */,
				D85AE32E1AE7A97700F25614 /* Release */,
			);
			defaultConfigurationIsVisible = 0;
			defaultConfigurationName = Release;
		};
		D85AE32F1AE7A97700F25614 /* Build configuration list for PBXNativeTarget "LazyArray" */ = {
			isa = XCConfigurationList;
			buildConfigurations = (
				D85AE3301AE7A97700F25614 /* Debug */,
				D85AE3311AE7A97700F25614 /* Release */,
			);
			defaultConfigurationIsVisible = 0;
			defaultConfigurationName = Release;
		};
/* End XCConfigurationList section */
	};
	rootObject = D85AE3201AE7A97700F25614 /* Project object */;
}
