// !$*UTF8*$!
{
	archiveVersion = 1;
	classes = {
	};
	objectVersion = 46;
	objects = {

/* Begin PBXBuildFile section */
		D8104B351AC2CAF70045F0BB /* main.swift in Sources */ = {isa = PBXBuildFile; fileRef = D8104B341AC2CAF70045F0BB /* main.swift */; };
		D8104B3E1AC2CC140045F0BB /* Generator.swift in Sources */ = {isa = PBXBuildFile; fileRef = D8104B3D1AC2CC140045F0BB /* Generator.swift */; };
		D8104B401AC2CC350045F0BB /* DiscreteGeometry.swift in Sources */ = {isa = PBXBuildFile; fileRef = D8104B3F1AC2CC350045F0BB /* DiscreteGeometry.swift */; };
		D85AE33B1AE7D3B100F25614 /* Util.swift in Sources */ = {isa = PBXBuildFile; fileRef = D85AE33A1AE7D3B100F25614 /* Util.swift */; };
		D85AE33D1AE7D8A900F25614 /* Time.swift in Sources */ = {isa = PBXBuildFile; fileRef = D85AE33C1AE7D8A900F25614 /* Time.swift */; };
		D8BE73EF1B71500800C4507C /* Types.swift in Sources */ = {isa = PBXBuildFile; fileRef = D8BE73EE1B71500800C4507C /* Types.swift */; };
/* End PBXBuildFile section */

/* Begin PBXCopyFilesBuildPhase section */
		D8104B2F1AC2CAF70045F0BB /* CopyFiles */ = {
			isa = PBXCopyFilesBuildPhase;
			buildActionMask = 2147483647;
			dstPath = /usr/share/man/man1/;
			dstSubfolderSpec = 0;
			files = (
			);
			runOnlyForDeploymentPostprocessing = 1;
		};
/* End PBXCopyFilesBuildPhase section */

/* Begin PBXFileReference section */
		D8104B311AC2CAF70045F0BB /* GeneratorOfPerf */ = {isa = PBXFileReference; explicitFileType = "compiled.mach-o.executable"; includeInIndex = 0; path = GeneratorOfPerf; sourceTree = BUILT_PRODUCTS_DIR; };
		D8104B341AC2CAF70045F0BB /* main.swift */ = {isa = PBXFileReference; lastKnownFileType = sourcecode.swift; path = main.swift; sourceTree = "<group>"; };
		D8104B3D1AC2CC140045F0BB /* Generator.swift */ = {isa = PBXFileReference; fileEncoding = 4; lastKnownFileType = sourcecode.swift; path = Generator.swift; sourceTree = "<group>"; };
		D8104B3F1AC2CC350045F0BB /* DiscreteGeometry.swift */ = {isa = PBXFileReference; fileEncoding = 4; lastKnownFileType = sourcecode.swift; path = DiscreteGeometry.swift; sourceTree = "<group>"; };
		D85AE33A1AE7D3B100F25614 /* Util.swift */ = {isa = PBXFileReference; fileEncoding = 4; lastKnownFileType = sourcecode.swift; path = Util.swift; sourceTree = "<group>"; };
		D85AE33C1AE7D8A900F25614 /* Time.swift */ = {isa = PBXFileReference; fileEncoding = 4; lastKnownFileType = sourcecode.swift; path = Time.swift; sourceTree = "<group>"; };
		D8BE73EE1B71500800C4507C /* Types.swift */ = {isa = PBXFileReference; fileEncoding = 4; lastKnownFileType = sourcecode.swift; path = Types.swift; sourceTree = "<group>"; };
/* End PBXFileReference section */

/* Begin PBXFrameworksBuildPhase section */
		D8104B2E1AC2CAF70045F0BB /* Frameworks */ = {
			isa = PBXFrameworksBuildPhase;
			buildActionMask = 2147483647;
			files = (
			);
			runOnlyForDeploymentPostprocessing = 0;
		};
/* End PBXFrameworksBuildPhase section */

/* Begin PBXGroup section */
		D8104B281AC2CAF70045F0BB = {
			isa = PBXGroup;
			children = (
				D8104B331AC2CAF70045F0BB /* GeneratorOfPerf */,
				D8104B321AC2CAF70045F0BB /* Products */,
			);
			sourceTree = "<group>";
		};
		D8104B321AC2CAF70045F0BB /* Products */ = {
			isa = PBXGroup;
			children = (
				D8104B311AC2CAF70045F0BB /* GeneratorOfPerf */,
			);
			name = Products;
			sourceTree = "<group>";
		};
		D8104B331AC2CAF70045F0BB /* GeneratorOfPerf */ = {
			isa = PBXGroup;
			children = (
				D8104B341AC2CAF70045F0BB /* main.swift */,
				D8104B3D1AC2CC140045F0BB /* Generator.swift */,
				D8104B3F1AC2CC350045F0BB /* DiscreteGeometry.swift */,
				D85AE33A1AE7D3B100F25614 /* Util.swift */,
				D85AE33C1AE7D8A900F25614 /* Time.swift */,
				D8BE73EE1B71500800C4507C /* Types.swift */,
			);
			path = GeneratorOfPerf;
			sourceTree = "<group>";
		};
/* End PBXGroup section */

/* Begin PBXNativeTarget section */
		D8104B301AC2CAF70045F0BB /* AnySequence */ = {
			isa = PBXNativeTarget;
			buildConfigurationList = D8104B381AC2CAF70045F0BB /* Build configuration list for PBXNativeTarget "AnySequence" */;
			buildPhases = (
				D8104B2D1AC2CAF70045F0BB /* Sources */,
				D8104B2E1AC2CAF70045F0BB /* Frameworks */,
				D8104B2F1AC2CAF70045F0BB /* CopyFiles */,
			);
			buildRules = (
			);
			dependencies = (
			);
			name = AnySequence;
			productName = GeneratorOfPerf;
			productReference = D8104B311AC2CAF70045F0BB /* GeneratorOfPerf */;
			productType = "com.apple.product-type.tool";
		};
/* End PBXNativeTarget section */

/* Begin PBXProject section */
		D8104B291AC2CAF70045F0BB /* Project object */ = {
			isa = PBXProject;
			attributes = {
				LastSwiftUpdateCheck = 0700;
				LastUpgradeCheck = 0700;
				ORGANIZATIONNAME = "Janosch Hildebrand";
				TargetAttributes = {
					D8104B301AC2CAF70045F0BB = {
						CreatedOnToolsVersion = 6.3;
					};
				};
			};
			buildConfigurationList = D8104B2C1AC2CAF70045F0BB /* Build configuration list for PBXProject "AnySequence" */;
			compatibilityVersion = "Xcode 3.2";
			developmentRegion = English;
			hasScannedForEncodings = 0;
			knownRegions = (
				en,
			);
			mainGroup = D8104B281AC2CAF70045F0BB;
			productRefGroup = D8104B321AC2CAF70045F0BB /* Products */;
			projectDirPath = "";
			projectRoot = "";
			targets = (
				D8104B301AC2CAF70045F0BB /* AnySequence */,
			);
		};
/* End PBXProject section */

/* Begin PBXSourcesBuildPhase section */
		D8104B2D1AC2CAF70045F0BB /* Sources */ = {
			isa = PBXSourcesBuildPhase;
			buildActionMask = 2147483647;
			files = (
				D8104B401AC2CC350045F0BB /* DiscreteGeometry.swift in Sources */,
				D8104B351AC2CAF70045F0BB /* main.swift in Sources */,
				D85AE33D1AE7D8A900F25614 /* Time.swift in Sources */,
				D8BE73EF1B71500800C4507C /* Types.swift in Sources */,
				D8104B3E1AC2CC140045F0BB /* Generator.swift in Sources */,
				D85AE33B1AE7D3B100F25614 /* Util.swift in Sources */,
			);
			runOnlyForDeploymentPostprocessing = 0;
		};
/* End PBXSourcesBuildPhase section */

/* Begin XCBuildConfiguration section */
		D8104B361AC2CAF70045F0BB /* Debug */ = {
			isa = XCBuildConfiguration;
			buildSettings = {
				ALWAYS_SEARCH_USER_PATHS = NO;
				CLANG_CXX_LANGUAGE_STANDARD = "gnu++0x";
				CLANG_CXX_LIBRARY = "libc++";
				CLANG_ENABLE_MODULES = YES;
				CLANG_ENABLE_OBJC_ARC = YES;
				CLANG_WARN_BOOL_CONVERSION = YES;
				CLANG_WARN_CONSTANT_CONVERSION = YES;
				CLANG_WARN_DIRECT_OBJC_ISA_USAGE = YES_ERROR;
				CLANG_WARN_EMPTY_BODY = YES;
				CLANG_WARN_ENUM_CONVERSION = YES;
				CLANG_WARN_INT_CONVERSION = YES;
				CLANG_WARN_OBJC_ROOT_CLASS = YES_ERROR;
				CLANG_WARN_UNREACHABLE_CODE = YES;
				CLANG_WARN__DUPLICATE_METHOD_MATCH = YES;
				COPY_PHASE_STRIP = NO;
				DEBUG_INFORMATION_FORMAT = dwarf;
				ENABLE_STRICT_OBJC_MSGSEND = YES;
				ENABLE_TESTABILITY = YES;
				GCC_C_LANGUAGE_STANDARD = gnu99;
				GCC_DYNAMIC_NO_PIC = NO;
				GCC_NO_COMMON_BLOCKS = YES;
				GCC_OPTIMIZATION_LEVEL = 0;
				GCC_PREPROCESSOR_DEFINITIONS = (
					"DEBUG=1",
					"$(inherited)",
				);
				GCC_SYMBOLS_PRIVATE_EXTERN = NO;
				GCC_WARN_64_TO_32_BIT_CONVERSION = YES;
				GCC_WARN_ABOUT_RETURN_TYPE = YES_ERROR;
				GCC_WARN_UNDECLARED_SELECTOR = YES;
				GCC_WARN_UNINITIALIZED_AUTOS = YES_AGGRESSIVE;
				GCC_WARN_UNUSED_FUNCTION = YES;
				GCC_WARN_UNUSED_VARIABLE = YES;
				MACOSX_DEPLOYMENT_TARGET = 10.10;
				MTL_ENABLE_DEBUG_INFO = YES;
				ONLY_ACTIVE_ARCH = YES;
				SDKROOT = macosx;
				SWIFT_OPTIMIZATION_LEVEL = "-Onone";
			};
			name = Debug;
		};
		D8104B371AC2CAF70045F0BB /* Release */ = {
			isa = XCBuildConfiguration;
			buildSettings = {
				ALWAYS_SEARCH_USER_PATHS = NO;
				CLANG_CXX_LANGUAGE_STANDARD = "gnu++0x";
				CLANG_CXX_LIBRARY = "libc++";
				CLANG_ENABLE_MODULES = YES;
				CLANG_ENABLE_OBJC_ARC = YES;
				CLANG_WARN_BOOL_CONVERSION = YES;
				CLANG_WARN_CONSTANT_CONVERSION = YES;
				CLANG_WARN_DIRECT_OBJC_ISA_USAGE = YES_ERROR;
				CLANG_WARN_EMPTY_BODY = YES;
				CLANG_WARN_ENUM_CONVERSION = YES;
				CLANG_WARN_INT_CONVERSION = YES;
				CLANG_WARN_OBJC_ROOT_CLASS = YES_ERROR;
				CLANG_WARN_UNREACHABLE_CODE = YES;
				CLANG_WARN__DUPLICATE_METHOD_MATCH = YES;
				COPY_PHASE_STRIP = NO;
				DEBUG_INFORMATION_FORMAT = "dwarf-with-dsym";
				ENABLE_NS_ASSERTIONS = NO;
				ENABLE_STRICT_OBJC_MSGSEND = YES;
				GCC_C_LANGUAGE_STANDARD = gnu99;
				GCC_NO_COMMON_BLOCKS = YES;
				GCC_WARN_64_TO_32_BIT_CONVERSION = YES;
				GCC_WARN_ABOUT_RETURN_TYPE = YES_ERROR;
				GCC_WARN_UNDECLARED_SELECTOR = YES;
				GCC_WARN_UNINITIALIZED_AUTOS = YES_AGGRESSIVE;
				GCC_WARN_UNUSED_FUNCTION = YES;
				GCC_WARN_UNUSED_VARIABLE = YES;
				MACOSX_DEPLOYMENT_TARGET = 10.10;
				MTL_ENABLE_DEBUG_INFO = NO;
				SDKROOT = macosx;
			};
			name = Release;
		};
		D8104B391AC2CAF70045F0BB /* Debug */ = {
			isa = XCBuildConfiguration;
			buildSettings = {
				PRODUCT_NAME = AnySequence;
				SWIFT_DISABLE_SAFETY_CHECKS = NO;
			};
			name = Debug;
		};
		D8104B3A1AC2CAF70045F0BB /* Release */ = {
			isa = XCBuildConfiguration;
			buildSettings = {
				PRODUCT_NAME = AnySequence;
				SWIFT_DISABLE_SAFETY_CHECKS = NO;
				SWIFT_OPTIMIZATION_LEVEL = "-O";
			};
			name = Release;
		};
/* End XCBuildConfiguration section */

/* Begin XCConfigurationList section */
		D8104B2C1AC2CAF70045F0BB /* Build configuration list for PBXProject "AnySequence" */ = {
			isa = XCConfigurationList;
			buildConfigurations = (
				D8104B361AC2CAF70045F0BB /* Debug */,
				D8104B371AC2CAF70045F0BB /* Release */,
			);
			defaultConfigurationIsVisible = 0;
			defaultConfigurationName = Release;
		};
		D8104B381AC2CAF70045F0BB /* Build configuration list for PBXNativeTarget "AnySequence" */ = {
			isa = XCConfigurationList;
			buildConfigurations = (
				D8104B391AC2CAF70045F0BB /* Debug */,
				D8104B3A1AC2CAF70045F0BB /* Release */,
			);
			defaultConfigurationIsVisible = 0;
			defaultConfigurationName = Release;
		};
/* End XCConfigurationList section */
	};
	rootObject = D8104B291AC2CAF70045F0BB /* Project object */;
}
